// !$*UTF8*$!
{
	archiveVersion = 1;
	classes = {
	};
	objectVersion = 50;
	objects = {

/* Begin PBXBuildFile section */
		57C072D324F2D4F6004135CC /* AppDelegate.swift in Sources */ = {isa = PBXBuildFile; fileRef = 57C072D224F2D4F6004135CC /* AppDelegate.swift */; };
		57C072D524F2D4F6004135CC /* SceneDelegate.swift in Sources */ = {isa = PBXBuildFile; fileRef = 57C072D424F2D4F6004135CC /* SceneDelegate.swift */; };
		57C072D924F2D4FB004135CC /* Assets.xcassets in Resources */ = {isa = PBXBuildFile; fileRef = 57C072D824F2D4FB004135CC /* Assets.xcassets */; };
		57C072DC24F2D4FB004135CC /* Preview Assets.xcassets in Resources */ = {isa = PBXBuildFile; fileRef = 57C072DB24F2D4FB004135CC /* Preview Assets.xcassets */; };
		57C072DF24F2D4FB004135CC /* LaunchScreen.storyboard in Resources */ = {isa = PBXBuildFile; fileRef = 57C072DD24F2D4FB004135CC /* LaunchScreen.storyboard */; };
		57C072E824F2D5B8004135CC /* KuwaitMosques.swift in Sources */ = {isa = PBXBuildFile; fileRef = 57C072E724F2D5B8004135CC /* KuwaitMosques.swift */; };
		57C072EB24F2DCEB004135CC /* Mosque.swift in Sources */ = {isa = PBXBuildFile; fileRef = 57C072EA24F2DCEB004135CC /* Mosque.swift */; };
		57C072ED24F2DF89004135CC /* MosqueRow.swift in Sources */ = {isa = PBXBuildFile; fileRef = 57C072EC24F2DF89004135CC /* MosqueRow.swift */; };
		57C072EF24F2E3BF004135CC /* MosqueDetails.swift in Sources */ = {isa = PBXBuildFile; fileRef = 57C072EE24F2E3BF004135CC /* MosqueDetails.swift */; };
		57F8CC2C24F3234600D134A1 /* SwiftUIView.swift in Sources */ = {isa = PBXBuildFile; fileRef = 57F8CC2B24F3234600D134A1 /* SwiftUIView.swift */; };
/* End PBXBuildFile section */

/* Begin PBXFileReference section */
		57C072CF24F2D4F6004135CC /* SwiftUI Day3.app */ = {isa = PBXFileReference; explicitFileType = wrapper.application; includeInIndex = 0; path = "SwiftUI Day3.app"; sourceTree = BUILT_PRODUCTS_DIR; };
		57C072D224F2D4F6004135CC /* AppDelegate.swift */ = {isa = PBXFileReference; lastKnownFileType = sourcecode.swift; path = AppDelegate.swift; sourceTree = "<group>"; };
		57C072D424F2D4F6004135CC /* SceneDelegate.swift */ = {isa = PBXFileReference; lastKnownFileType = sourcecode.swift; path = SceneDelegate.swift; sourceTree = "<group>"; };
		57C072D824F2D4FB004135CC /* Assets.xcassets */ = {isa = PBXFileReference; lastKnownFileType = folder.assetcatalog; path = Assets.xcassets; sourceTree = "<group>"; };
		57C072DB24F2D4FB004135CC /* Preview Assets.xcassets */ = {isa = PBXFileReference; lastKnownFileType = folder.assetcatalog; path = "Preview Assets.xcassets"; sourceTree = "<group>"; };
		57C072DE24F2D4FB004135CC /* Base */ = {isa = PBXFileReference; lastKnownFileType = file.storyboard; name = Base; path = Base.lproj/LaunchScreen.storyboard; sourceTree = "<group>"; };
		57C072E024F2D4FB004135CC /* Info.plist */ = {isa = PBXFileReference; lastKnownFileType = text.plist.xml; path = Info.plist; sourceTree = "<group>"; };
		57C072E724F2D5B8004135CC /* KuwaitMosques.swift */ = {isa = PBXFileReference; lastKnownFileType = sourcecode.swift; path = KuwaitMosques.swift; sourceTree = "<group>"; };
		57C072EA24F2DCEB004135CC /* Mosque.swift */ = {isa = PBXFileReference; lastKnownFileType = sourcecode.swift; path = Mosque.swift; sourceTree = "<group>"; };
		57C072EC24F2DF89004135CC /* MosqueRow.swift */ = {isa = PBXFileReference; lastKnownFileType = sourcecode.swift; path = MosqueRow.swift; sourceTree = "<group>"; };
		57C072EE24F2E3BF004135CC /* MosqueDetails.swift */ = {isa = PBXFileReference; lastKnownFileType = sourcecode.swift; path = MosqueDetails.swift; sourceTree = "<group>"; };
		57F8CC2B24F3234600D134A1 /* SwiftUIView.swift */ = {isa = PBXFileReference; lastKnownFileType = sourcecode.swift; path = SwiftUIView.swift; sourceTree = "<group>"; };
/* End PBXFileReference section */

/* Begin PBXFrameworksBuildPhase section */
		57C072CC24F2D4F6004135CC /* Frameworks */ = {
			isa = PBXFrameworksBuildPhase;
			buildActionMask = 2147483647;
			files = (
			);
			runOnlyForDeploymentPostprocessing = 0;
		};
/* End PBXFrameworksBuildPhase section */

/* Begin PBXGroup section */
		57C072C624F2D4F6004135CC = {
			isa = PBXGroup;
			children = (
				57C072D124F2D4F6004135CC /* SwiftUI Day3 */,
				57C072D024F2D4F6004135CC /* Products */,
			);
			sourceTree = "<group>";
		};
		57C072D024F2D4F6004135CC /* Products */ = {
			isa = PBXGroup;
			children = (
				57C072CF24F2D4F6004135CC /* SwiftUI Day3.app */,
			);
			name = Products;
			sourceTree = "<group>";
		};
		57C072D124F2D4F6004135CC /* SwiftUI Day3 */ = {
			isa = PBXGroup;
			children = (
				57C072D224F2D4F6004135CC /* AppDelegate.swift */,
				57C072D424F2D4F6004135CC /* SceneDelegate.swift */,
				57C072E624F2D518004135CC /* Assignments */,
				57C072E924F2DCBF004135CC /* Models */,
				57C072D824F2D4FB004135CC /* Assets.xcassets */,
				57C072DD24F2D4FB004135CC /* LaunchScreen.storyboard */,
				57C072E024F2D4FB004135CC /* Info.plist */,
				57C072DA24F2D4FB004135CC /* Preview Content */,
			);
			path = "SwiftUI Day3";
			sourceTree = "<group>";
		};
		57C072DA24F2D4FB004135CC /* Preview Content */ = {
			isa = PBXGroup;
			children = (
				57C072DB24F2D4FB004135CC /* Preview Assets.xcassets */,
			);
			path = "Preview Content";
			sourceTree = "<group>";
		};
		57C072E624F2D518004135CC /* Assignments */ = {
			isa = PBXGroup;
			children = (
				57C072E724F2D5B8004135CC /* KuwaitMosques.swift */,
				57C072EC24F2DF89004135CC /* MosqueRow.swift */,
				57C072EE24F2E3BF004135CC /* MosqueDetails.swift */,
				57F8CC2B24F3234600D134A1 /* SwiftUIView.swift */,
			);
			path = Assignments;
			sourceTree = "<group>";
		};
		57C072E924F2DCBF004135CC /* Models */ = {
			isa = PBXGroup;
			children = (
				57C072EA24F2DCEB004135CC /* Mosque.swift */,
			);
			path = Models;
			sourceTree = "<group>";
		};
/* End PBXGroup section */

/* Begin PBXNativeTarget section */
		57C072CE24F2D4F6004135CC /* SwiftUI Day3 */ = {
			isa = PBXNativeTarget;
			buildConfigurationList = 57C072E324F2D4FB004135CC /* Build configuration list for PBXNativeTarget "SwiftUI Day3" */;
			buildPhases = (
				57C072CB24F2D4F6004135CC /* Sources */,
				57C072CC24F2D4F6004135CC /* Frameworks */,
				57C072CD24F2D4F6004135CC /* Resources */,
			);
			buildRules = (
			);
			dependencies = (
			);
			name = "SwiftUI Day3";
			productName = "SwiftUI Day3";
			productReference = 57C072CF24F2D4F6004135CC /* SwiftUI Day3.app */;
			productType = "com.apple.product-type.application";
		};
/* End PBXNativeTarget section */

/* Begin PBXProject section */
		57C072C724F2D4F6004135CC /* Project object */ = {
			isa = PBXProject;
			attributes = {
				LastSwiftUpdateCheck = 1150;
				LastUpgradeCheck = 1150;
				ORGANIZATIONNAME = "Aldana Al-Rashidi";
				TargetAttributes = {
					57C072CE24F2D4F6004135CC = {
						CreatedOnToolsVersion = 11.5;
					};
				};
			};
			buildConfigurationList = 57C072CA24F2D4F6004135CC /* Build configuration list for PBXProject "SwiftUI Day3" */;
			compatibilityVersion = "Xcode 9.3";
			developmentRegion = en;
			hasScannedForEncodings = 0;
			knownRegions = (
				en,
				Base,
			);
			mainGroup = 57C072C624F2D4F6004135CC;
			productRefGroup = 57C072D024F2D4F6004135CC /* Products */;
			projectDirPath = "";
			projectRoot = "";
			targets = (
				57C072CE24F2D4F6004135CC /* SwiftUI Day3 */,
			);
		};
/* End PBXProject section */

/* Begin PBXResourcesBuildPhase section */
		57C072CD24F2D4F6004135CC /* Resources */ = {
			isa = PBXResourcesBuildPhase;
			buildActionMask = 2147483647;
			files = (
				57C072DF24F2D4FB004135CC /* LaunchScreen.storyboard in Resources */,
				57C072DC24F2D4FB004135CC /* Preview Assets.xcassets in Resources */,
				57C072D924F2D4FB004135CC /* Assets.xcassets in Resources */,
			);
			runOnlyForDeploymentPostprocessing = 0;
		};
/* End PBXResourcesBuildPhase section */

/* Begin PBXSourcesBuildPhase section */
		57C072CB24F2D4F6004135CC /* Sources */ = {
			isa = PBXSourcesBuildPhase;
			buildActionMask = 2147483647;
			files = (
				57C072D324F2D4F6004135CC /* AppDelegate.swift in Sources */,
				57F8CC2C24F3234600D134A1 /* SwiftUIView.swift in Sources */,
				57C072EB24F2DCEB004135CC /* Mosque.swift in Sources */,
				57C072EF24F2E3BF004135CC /* MosqueDetails.swift in Sources */,
				57C072E824F2D5B8004135CC /* KuwaitMosques.swift in Sources */,
				57C072D524F2D4F6004135CC /* SceneDelegate.swift in Sources */,
				57C072ED24F2DF89004135CC /* MosqueRow.swift in Sources */,
			);
			runOnlyForDeploymentPostprocessing = 0;
		};
/* End PBXSourcesBuildPhase section */

/* Begin PBXVariantGroup section */
		57C072DD24F2D4FB004135CC /* LaunchScreen.storyboard */ = {
			isa = PBXVariantGroup;
			children = (
				57C072DE24F2D4FB004135CC /* Base */,
			);
			name = LaunchScreen.storyboard;
			sourceTree = "<group>";
		};
/* End PBXVariantGroup section */

/* Begin XCBuildConfiguration section */
		57C072E124F2D4FB004135CC /* Debug */ = {
			isa = XCBuildConfiguration;
			buildSettings = {
				ALWAYS_SEARCH_USER_PATHS = NO;
				CLANG_ANALYZER_NONNULL = YES;
				CLANG_ANALYZER_NUMBER_OBJECT_CONVERSION = YES_AGGRESSIVE;
				CLANG_CXX_LANGUAGE_STANDARD = "gnu++14";
				CLANG_CXX_LIBRARY = "libc++";
				CLANG_ENABLE_MODULES = YES;
				CLANG_ENABLE_OBJC_ARC = YES;
				CLANG_ENABLE_OBJC_WEAK = YES;
				CLANG_WARN_BLOCK_CAPTURE_AUTORELEASING = YES;
				CLANG_WARN_BOOL_CONVERSION = YES;
				CLANG_WARN_COMMA = YES;
				CLANG_WARN_CONSTANT_CONVERSION = YES;
				CLANG_WARN_DEPRECATED_OBJC_IMPLEMENTATIONS = YES;
				CLANG_WARN_DIRECT_OBJC_ISA_USAGE = YES_ERROR;
				CLANG_WARN_DOCUMENTATION_COMMENTS = YES;
				CLANG_WARN_EMPTY_BODY = YES;
				CLANG_WARN_ENUM_CONVERSION = YES;
				CLANG_WARN_INFINITE_RECURSION = YES;
				CLANG_WARN_INT_CONVERSION = YES;
				CLANG_WARN_NON_LITERAL_NULL_CONVERSION = YES;
				CLANG_WARN_OBJC_IMPLICIT_RETAIN_SELF = YES;
				CLANG_WARN_OBJC_LITERAL_CONVERSION = YES;
				CLANG_WARN_OBJC_ROOT_CLASS = YES_ERROR;
				CLANG_WARN_RANGE_LOOP_ANALYSIS = YES;
				CLANG_WARN_STRICT_PROTOTYPES = YES;
				CLANG_WARN_SUSPICIOUS_MOVE = YES;
				CLANG_WARN_UNGUARDED_AVAILABILITY = YES_AGGRESSIVE;
				CLANG_WARN_UNREACHABLE_CODE = YES;
				CLANG_WARN__DUPLICATE_METHOD_MATCH = YES;
				COPY_PHASE_STRIP = NO;
				DEBUG_INFORMATION_FORMAT = dwarf;
				ENABLE_STRICT_OBJC_MSGSEND = YES;
				ENABLE_TESTABILITY = YES;
				GCC_C_LANGUAGE_STANDARD = gnu11;
				GCC_DYNAMIC_NO_PIC = NO;
				GCC_NO_COMMON_BLOCKS = YES;
				GCC_OPTIMIZATION_LEVEL = 0;
				GCC_PREPROCESSOR_DEFINITIONS = (
					"DEBUG=1",
					"$(inherited)",
				);
				GCC_WARN_64_TO_32_BIT_CONVERSION = YES;
				GCC_WARN_ABOUT_RETURN_TYPE = YES_ERROR;
				GCC_WARN_UNDECLARED_SELECTOR = YES;
				GCC_WARN_UNINITIALIZED_AUTOS = YES_AGGRESSIVE;
				GCC_WARN_UNUSED_FUNCTION = YES;
				GCC_WARN_UNUSED_VARIABLE = YES;
				IPHONEOS_DEPLOYMENT_TARGET = 13.5;
				MTL_ENABLE_DEBUG_INFO = INCLUDE_SOURCE;
				MTL_FAST_MATH = YES;
				ONLY_ACTIVE_ARCH = YES;
				SDKROOT = iphoneos;
				SWIFT_ACTIVE_COMPILATION_CONDITIONS = DEBUG;
				SWIFT_OPTIMIZATION_LEVEL = "-Onone";
			};
			name = Debug;
		};
		57C072E224F2D4FB004135CC /* Release */ = {
			isa = XCBuildConfiguration;
			buildSettings = {
				ALWAYS_SEARCH_USER_PATHS = NO;
				CLANG_ANALYZER_NONNULL = YES;
				CLANG_ANALYZER_NUMBER_OBJECT_CONVERSION = YES_AGGRESSIVE;
				CLANG_CXX_LANGUAGE_STANDARD = "gnu++14";
				CLANG_CXX_LIBRARY = "libc++";
				CLANG_ENABLE_MODULES = YES;
				CLANG_ENABLE_OBJC_ARC = YES;
				CLANG_ENABLE_OBJC_WEAK = YES;
				CLANG_WARN_BLOCK_CAPTURE_AUTORELEASING = YES;
				CLANG_WARN_BOOL_CONVERSION = YES;
				CLANG_WARN_COMMA = YES;
				CLANG_WARN_CONSTANT_CONVERSION = YES;
				CLANG_WARN_DEPRECATED_OBJC_IMPLEMENTATIONS = YES;
				CLANG_WARN_DIRECT_OBJC_ISA_USAGE = YES_ERROR;
				CLANG_WARN_DOCUMENTATION_COMMENTS = YES;
				CLANG_WARN_EMPTY_BODY = YES;
				CLANG_WARN_ENUM_CONVERSION = YES;
				CLANG_WARN_INFINITE_RECURSION = YES;
				CLANG_WARN_INT_CONVERSION = YES;
				CLANG_WARN_NON_LITERAL_NULL_CONVERSION = YES;
				CLANG_WARN_OBJC_IMPLICIT_RETAIN_SELF = YES;
				CLANG_WARN_OBJC_LITERAL_CONVERSION = YES;
				CLANG_WARN_OBJC_ROOT_CLASS = YES_ERROR;
				CLANG_WARN_RANGE_LOOP_ANALYSIS = YES;
				CLANG_WARN_STRICT_PROTOTYPES = YES;
				CLANG_WARN_SUSPICIOUS_MOVE = YES;
				CLANG_WARN_UNGUARDED_AVAILABILITY = YES_AGGRESSIVE;
				CLANG_WARN_UNREACHABLE_CODE = YES;
				CLANG_WARN__DUPLICATE_METHOD_MATCH = YES;
				COPY_PHASE_STRIP = NO;
				DEBUG_INFORMATION_FORMAT = "dwarf-with-dsym";
				ENABLE_NS_ASSERTIONS = NO;
				ENABLE_STRICT_OBJC_MSGSEND = YES;
				GCC_C_LANGUAGE_STANDARD = gnu11;
				GCC_NO_COMMON_BLOCKS = YES;
				GCC_WARN_64_TO_32_BIT_CONVERSION = YES;
				GCC_WARN_ABOUT_RETURN_TYPE = YES_ERROR;
				GCC_WARN_UNDECLARED_SELECTOR = YES;
				GCC_WARN_UNINITIALIZED_AUTOS = YES_AGGRESSIVE;
				GCC_WARN_UNUSED_FUNCTION = YES;
				GCC_WARN_UNUSED_VARIABLE = YES;
				IPHONEOS_DEPLOYMENT_TARGET = 13.5;
				MTL_ENABLE_DEBUG_INFO = NO;
				MTL_FAST_MATH = YES;
				SDKROOT = iphoneos;
				SWIFT_COMPILATION_MODE = wholemodule;
				SWIFT_OPTIMIZATION_LEVEL = "-O";
				VALIDATE_PRODUCT = YES;
			};
			name = Release;
		};
		57C072E424F2D4FB004135CC /* Debug */ = {
			isa = XCBuildConfiguration;
			buildSettings = {
				ASSETCATALOG_COMPILER_APPICON_NAME = AppIcon;
				CODE_SIGN_STYLE = Automatic;
				DEVELOPMENT_ASSET_PATHS = "\"SwiftUI Day3/Preview Content\"";
				DEVELOPMENT_TEAM = 6Q55UJ7W3X;
				ENABLE_PREVIEWS = YES;
				INFOPLIST_FILE = "SwiftUI Day3/Info.plist";
				LD_RUNPATH_SEARCH_PATHS = (
					"$(inherited)",
					"@executable_path/Frameworks",
				);
				PRODUCT_BUNDLE_IDENTIFIER = "com.aldana.SwiftUI-Day3";
				PRODUCT_NAME = "$(TARGET_NAME)";
				SWIFT_VERSION = 5.0;
				TARGETED_DEVICE_FAMILY = "1,2";
			};
			name = Debug;
		};
		57C072E524F2D4FB004135CC /* Release */ = {
			isa = XCBuildConfiguration;
			buildSettings = {
				ASSETCATALOG_COMPILER_APPICON_NAME = AppIcon;
				CODE_SIGN_STYLE = Automatic;
				DEVELOPMENT_ASSET_PATHS = "\"SwiftUI Day3/Preview Content\"";
				DEVELOPMENT_TEAM = 6Q55UJ7W3X;
				ENABLE_PREVIEWS = YES;
				INFOPLIST_FILE = "SwiftUI Day3/Info.plist";
				LD_RUNPATH_SEARCH_PATHS = (
					"$(inherited)",
					"@executable_path/Frameworks",
				);
				PRODUCT_BUNDLE_IDENTIFIER = "com.aldana.SwiftUI-Day3";
				PRODUCT_NAME = "$(TARGET_NAME)";
				SWIFT_VERSION = 5.0;
				TARGETED_DEVICE_FAMILY = "1,2";
			};
			name = Release;
		};
/* End XCBuildConfiguration section */

/* Begin XCConfigurationList section */
		57C072CA24F2D4F6004135CC /* Build configuration list for PBXProject "SwiftUI Day3" */ = {
			isa = XCConfigurationList;
			buildConfigurations = (
				57C072E124F2D4FB004135CC /* Debug */,
				57C072E224F2D4FB004135CC /* Release */,
			);
			defaultConfigurationIsVisible = 0;
			defaultConfigurationName = Release;
		};
		57C072E324F2D4FB004135CC /* Build configuration list for PBXNativeTarget "SwiftUI Day3" */ = {
			isa = XCConfigurationList;
			buildConfigurations = (
				57C072E424F2D4FB004135CC /* Debug */,
				57C072E524F2D4FB004135CC /* Release */,
			);
			defaultConfigurationIsVisible = 0;
			defaultConfigurationName = Release;
		};
/* End XCConfigurationList section */
	};
	rootObject = 57C072C724F2D4F6004135CC /* Project object */;
}
